%{
  "croma": {:hex, :croma, "0.11.3", "cad3a1ce279998273db45b3000c94efd0ae4d5e9551ed8ef0d55ba2389f14cf2", [:mix], [], "hexpm", "b414da75b68e888065db62097357fc58e8a6b1055cce4a62c3351fb402e3bbff"},
  "sourceror": {:hex, :sourceror, "0.13.0", "c6ecc96ee3ae0e042e9082a9550a1989ea40182492dc29024a8d9d2b136e5014", [:mix], [], "hexpm", "d0a819491061cd26bfa4450d1c84301a410c19c1782a6577ce15853fc0e7e4e1"},
}
